
Microsoft Visual Studio Solution File, Format Version 12.00
# Visual Studio 15
VisualStudioVersion = 15.0.27703.2000
MinimumVisualStudioVersion = 10.0.40219.1
Project("{FAE04EC0-301F-11D3-BF4B-00C04F79EFBC}") = "Calculator", "Calculator\Calculator.csproj", "{414E7EB1-A62C-47E2-A763-E928759004E2}"
EndProject
Global
	GlobalSection(SolutionConfigurationPlatforms) = preSolution
		Debug|Any CPU = Debug|Any CPU
		Release|Any CPU = Release|Any CPU
	EndGlobalSection
	GlobalSection(ProjectConfigurationPlatforms) = postSolution
		{414E7EB1-A62C-47E2-A763-E928759004E2}.Debug|Any CPU.ActiveCfg = Debug|Any CPU
		{414E7EB1-A62C-47E2-A763-E928759004E2}.Debug|Any CPU.Build.0 = Debug|Any CPU
		{414E7EB1-A62C-47E2-A763-E928759004E2}.Release|Any CPU.ActiveCfg = Release|Any CPU
		{414E7EB1-A62C-47E2-A763-E928759004E2}.Release|Any CPU.Build.0 = Release|Any CPU
	EndGlobalSection
	GlobalSection(SolutionProperties) = preSolution
		HideSolutionNode = FALSE
	EndGlobalSection
	GlobalSection(ExtensibilityGlobals) = postSolution
		SolutionGuid = {44EEFF02-0859-404E-975E-15E8ED6B8450}
	EndGlobalSection
EndGlobal
